// !$*UTF8*$!
{
	archiveVersion = 1;
	classes = {
	};
	objectVersion = 50;
	objects = {

/* Begin PBXBuildFile section */
		009CB9E5208DF3A800B0C2C7 /* AppDelegate.m in Sources */ = {isa = PBXBuildFile; fileRef = 009CB9E4208DF3A800B0C2C7 /* AppDelegate.m */; };
		009CB9E8208DF3A800B0C2C7 /* ViewController.m in Sources */ = {isa = PBXBuildFile; fileRef = 009CB9E7208DF3A800B0C2C7 /* ViewController.m */; };
		009CB9EB208DF3A800B0C2C7 /* Main.storyboard in Resources */ = {isa = PBXBuildFile; fileRef = 009CB9E9208DF3A800B0C2C7 /* Main.storyboard */; };
		009CB9ED208DF3A900B0C2C7 /* Assets.xcassets in Resources */ = {isa = PBXBuildFile; fileRef = 009CB9EC208DF3A900B0C2C7 /* Assets.xcassets */; };
		009CB9F0208DF3A900B0C2C7 /* LaunchScreen.storyboard in Resources */ = {isa = PBXBuildFile; fileRef = 009CB9EE208DF3A900B0C2C7 /* LaunchScreen.storyboard */; };
		009CB9F3208DF3A900B0C2C7 /* main.m in Sources */ = {isa = PBXBuildFile; fileRef = 009CB9F2208DF3A900B0C2C7 /* main.m */; };
		009CB9FC208DF3FB00B0C2C7 /* SequenceList.m in Sources */ = {isa = PBXBuildFile; fileRef = 009CB9FB208DF3FB00B0C2C7 /* SequenceList.m */; };
		00B49A5C209C28C3007C2B8E /* Recursion.m in Sources */ = {isa = PBXBuildFile; fileRef = 00B49A5B209C28C3007C2B8E /* Recursion.m */; };
		00EC0075209FEFA600415222 /* Sorts.m in Sources */ = {isa = PBXBuildFile; fileRef = 00EC0074209FEFA600415222 /* Sorts.m */; };
/* End PBXBuildFile section */

/* Begin PBXFileReference section */
		009CB9E0208DF3A800B0C2C7 /* Algorithms.app */ = {isa = PBXFileReference; explicitFileType = wrapper.application; includeInIndex = 0; path = Algorithms.app; sourceTree = BUILT_PRODUCTS_DIR; };
		009CB9E3208DF3A800B0C2C7 /* AppDelegate.h */ = {isa = PBXFileReference; lastKnownFileType = sourcecode.c.h; path = AppDelegate.h; sourceTree = "<group>"; };
		009CB9E4208DF3A800B0C2C7 /* AppDelegate.m */ = {isa = PBXFileReference; lastKnownFileType = sourcecode.c.objc; path = AppDelegate.m; sourceTree = "<group>"; };
		009CB9E6208DF3A800B0C2C7 /* ViewController.h */ = {isa = PBXFileReference; lastKnownFileType = sourcecode.c.h; path = ViewController.h; sourceTree = "<group>"; };
		009CB9E7208DF3A800B0C2C7 /* ViewController.m */ = {isa = PBXFileReference; lastKnownFileType = sourcecode.c.objc; path = ViewController.m; sourceTree = "<group>"; };
		009CB9EA208DF3A800B0C2C7 /* Base */ = {isa = PBXFileReference; lastKnownFileType = file.storyboard; name = Base; path = Base.lproj/Main.storyboard; sourceTree = "<group>"; };
		009CB9EC208DF3A900B0C2C7 /* Assets.xcassets */ = {isa = PBXFileReference; lastKnownFileType = folder.assetcatalog; path = Assets.xcassets; sourceTree = "<group>"; };
		009CB9EF208DF3A900B0C2C7 /* Base */ = {isa = PBXFileReference; lastKnownFileType = file.storyboard; name = Base; path = Base.lproj/LaunchScreen.storyboard; sourceTree = "<group>"; };
		009CB9F1208DF3A900B0C2C7 /* Info.plist */ = {isa = PBXFileReference; lastKnownFileType = text.plist.xml; path = Info.plist; sourceTree = "<group>"; };
		009CB9F2208DF3A900B0C2C7 /* main.m */ = {isa = PBXFileReference; lastKnownFileType = sourcecode.c.objc; path = main.m; sourceTree = "<group>"; };
		009CB9FA208DF3FB00B0C2C7 /* SequenceList.h */ = {isa = PBXFileReference; lastKnownFileType = sourcecode.c.h; path = SequenceList.h; sourceTree = "<group>"; };
		009CB9FB208DF3FB00B0C2C7 /* SequenceList.m */ = {isa = PBXFileReference; lastKnownFileType = sourcecode.c.objc; path = SequenceList.m; sourceTree = "<group>"; };
		00B49A5A209C28C3007C2B8E /* Recursion.h */ = {isa = PBXFileReference; lastKnownFileType = sourcecode.c.h; path = Recursion.h; sourceTree = "<group>"; };
		00B49A5B209C28C3007C2B8E /* Recursion.m */ = {isa = PBXFileReference; lastKnownFileType = sourcecode.c.objc; path = Recursion.m; sourceTree = "<group>"; };
		00EC0073209FEFA600415222 /* Sorts.h */ = {isa = PBXFileReference; lastKnownFileType = sourcecode.c.h; path = Sorts.h; sourceTree = "<group>"; };
		00EC0074209FEFA600415222 /* Sorts.m */ = {isa = PBXFileReference; lastKnownFileType = sourcecode.c.objc; path = Sorts.m; sourceTree = "<group>"; };
/* End PBXFileReference section */

/* Begin PBXFrameworksBuildPhase section */
		009CB9DD208DF3A800B0C2C7 /* Frameworks */ = {
			isa = PBXFrameworksBuildPhase;
			buildActionMask = 2147483647;
			files = (
			);
			runOnlyForDeploymentPostprocessing = 0;
		};
/* End PBXFrameworksBuildPhase section */

/* Begin PBXGroup section */
		009CB9D7208DF3A800B0C2C7 = {
			isa = PBXGroup;
			children = (
				009CB9E2208DF3A800B0C2C7 /* Algorithms */,
				009CB9E1208DF3A800B0C2C7 /* Products */,
			);
			sourceTree = "<group>";
		};
		009CB9E1208DF3A800B0C2C7 /* Products */ = {
			isa = PBXGroup;
			children = (
				009CB9E0208DF3A800B0C2C7 /* Algorithms.app */,
			);
			name = Products;
			sourceTree = "<group>";
		};
		009CB9E2208DF3A800B0C2C7 /* Algorithms */ = {
			isa = PBXGroup;
			children = (
				009CB9F9208DF3B400B0C2C7 /* Algorithms */,
				009CB9E3208DF3A800B0C2C7 /* AppDelegate.h */,
				009CB9E4208DF3A800B0C2C7 /* AppDelegate.m */,
				009CB9E6208DF3A800B0C2C7 /* ViewController.h */,
				009CB9E7208DF3A800B0C2C7 /* ViewController.m */,
				009CB9E9208DF3A800B0C2C7 /* Main.storyboard */,
				009CB9EC208DF3A900B0C2C7 /* Assets.xcassets */,
				009CB9EE208DF3A900B0C2C7 /* LaunchScreen.storyboard */,
				009CB9F1208DF3A900B0C2C7 /* Info.plist */,
				009CB9F2208DF3A900B0C2C7 /* main.m */,
			);
			path = Algorithms;
			sourceTree = "<group>";
		};
		009CB9F9208DF3B400B0C2C7 /* Algorithms */ = {
			isa = PBXGroup;
			children = (
				009CB9FA208DF3FB00B0C2C7 /* SequenceList.h */,
				009CB9FB208DF3FB00B0C2C7 /* SequenceList.m */,
				00B49A5A209C28C3007C2B8E /* Recursion.h */,
				00B49A5B209C28C3007C2B8E /* Recursion.m */,
				00EC0073209FEFA600415222 /* Sorts.h */,
				00EC0074209FEFA600415222 /* Sorts.m */,
			);
			path = Algorithms;
			sourceTree = "<group>";
		};
/* End PBXGroup section */

/* Begin PBXNativeTarget section */
		009CB9DF208DF3A800B0C2C7 /* Algorithms */ = {
			isa = PBXNativeTarget;
			buildConfigurationList = 009CB9F6208DF3A900B0C2C7 /* Build configuration list for PBXNativeTarget "Algorithms" */;
			buildPhases = (
				009CB9DC208DF3A800B0C2C7 /* Sources */,
				009CB9DD208DF3A800B0C2C7 /* Frameworks */,
				009CB9DE208DF3A800B0C2C7 /* Resources */,
			);
			buildRules = (
			);
			dependencies = (
			);
			name = Algorithms;
			productName = Algorithms;
			productReference = 009CB9E0208DF3A800B0C2C7 /* Algorithms.app */;
			productType = "com.apple.product-type.application";
		};
/* End PBXNativeTarget section */

/* Begin PBXProject section */
		009CB9D8208DF3A800B0C2C7 /* Project object */ = {
			isa = PBXProject;
			attributes = {
				LastUpgradeCheck = 0930;
				ORGANIZATIONNAME = "储诚鹏";
				TargetAttributes = {
					009CB9DF208DF3A800B0C2C7 = {
						CreatedOnToolsVersion = 9.3;
					};
				};
			};
			buildConfigurationList = 009CB9DB208DF3A800B0C2C7 /* Build configuration list for PBXProject "Algorithms" */;
			compatibilityVersion = "Xcode 9.3";
			developmentRegion = en;
			hasScannedForEncodings = 0;
			knownRegions = (
				en,
				Base,
			);
			mainGroup = 009CB9D7208DF3A800B0C2C7;
			productRefGroup = 009CB9E1208DF3A800B0C2C7 /* Products */;
			projectDirPath = "";
			projectRoot = "";
			targets = (
				009CB9DF208DF3A800B0C2C7 /* Algorithms */,
			);
		};
/* End PBXProject section */

/* Begin PBXResourcesBuildPhase section */
		009CB9DE208DF3A800B0C2C7 /* Resources */ = {
			isa = PBXResourcesBuildPhase;
			buildActionMask = 2147483647;
			files = (
				009CB9F0208DF3A900B0C2C7 /* LaunchScreen.storyboard in Resources */,
				009CB9ED208DF3A900B0C2C7 /* Assets.xcassets in Resources */,
				009CB9EB208DF3A800B0C2C7 /* Main.storyboard in Resources */,
			);
			runOnlyForDeploymentPostprocessing = 0;
		};
/* End PBXResourcesBuildPhase section */

/* Begin PBXSourcesBuildPhase section */
		009CB9DC208DF3A800B0C2C7 /* Sources */ = {
			isa = PBXSourcesBuildPhase;
			buildActionMask = 2147483647;
			files = (
				009CB9E8208DF3A800B0C2C7 /* ViewController.m in Sources */,
				009CB9F3208DF3A900B0C2C7 /* main.m in Sources */,
				009CB9FC208DF3FB00B0C2C7 /* SequenceList.m in Sources */,
				00EC0075209FEFA600415222 /* Sorts.m in Sources */,
				009CB9E5208DF3A800B0C2C7 /* AppDelegate.m in Sources */,
				00B49A5C209C28C3007C2B8E /* Recursion.m in Sources */,
			);
			runOnlyForDeploymentPostprocessing = 0;
		};
/* End PBXSourcesBuildPhase section */

/* Begin PBXVariantGroup section */
		009CB9E9208DF3A800B0C2C7 /* Main.storyboard */ = {
			isa = PBXVariantGroup;
			children = (
				009CB9EA208DF3A800B0C2C7 /* Base */,
			);
			name = Main.storyboard;
			sourceTree = "<group>";
		};
		009CB9EE208DF3A900B0C2C7 /* LaunchScreen.storyboard */ = {
			isa = PBXVariantGroup;
			children = (
				009CB9EF208DF3A900B0C2C7 /* Base */,
			);
			name = LaunchScreen.storyboard;
			sourceTree = "<group>";
		};
/* End PBXVariantGroup section */

/* Begin XCBuildConfiguration section */
		009CB9F4208DF3A900B0C2C7 /* Debug */ = {
			isa = XCBuildConfiguration;
			buildSettings = {
				ALWAYS_SEARCH_USER_PATHS = NO;
				CLANG_ANALYZER_NONNULL = YES;
				CLANG_ANALYZER_NUMBER_OBJECT_CONVERSION = YES_AGGRESSIVE;
				CLANG_CXX_LANGUAGE_STANDARD = "gnu++14";
				CLANG_CXX_LIBRARY = "libc++";
				CLANG_ENABLE_MODULES = YES;
				CLANG_ENABLE_OBJC_ARC = YES;
				CLANG_ENABLE_OBJC_WEAK = YES;
				CLANG_WARN_BLOCK_CAPTURE_AUTORELEASING = YES;
				CLANG_WARN_BOOL_CONVERSION = YES;
				CLANG_WARN_COMMA = YES;
				CLANG_WARN_CONSTANT_CONVERSION = YES;
				CLANG_WARN_DEPRECATED_OBJC_IMPLEMENTATIONS = YES;
				CLANG_WARN_DIRECT_OBJC_ISA_USAGE = YES_ERROR;
				CLANG_WARN_DOCUMENTATION_COMMENTS = YES;
				CLANG_WARN_EMPTY_BODY = YES;
				CLANG_WARN_ENUM_CONVERSION = YES;
				CLANG_WARN_INFINITE_RECURSION = YES;
				CLANG_WARN_INT_CONVERSION = YES;
				CLANG_WARN_NON_LITERAL_NULL_CONVERSION = YES;
				CLANG_WARN_OBJC_IMPLICIT_RETAIN_SELF = YES;
				CLANG_WARN_OBJC_LITERAL_CONVERSION = YES;
				CLANG_WARN_OBJC_ROOT_CLASS = YES_ERROR;
				CLANG_WARN_RANGE_LOOP_ANALYSIS = YES;
				CLANG_WARN_STRICT_PROTOTYPES = YES;
				CLANG_WARN_SUSPICIOUS_MOVE = YES;
				CLANG_WARN_UNGUARDED_AVAILABILITY = YES_AGGRESSIVE;
				CLANG_WARN_UNREACHABLE_CODE = YES;
				CLANG_WARN__DUPLICATE_METHOD_MATCH = YES;
				CODE_SIGN_IDENTITY = "iPhone Developer";
				COPY_PHASE_STRIP = NO;
				DEBUG_INFORMATION_FORMAT = dwarf;
				ENABLE_STRICT_OBJC_MSGSEND = YES;
				ENABLE_TESTABILITY = YES;
				GCC_C_LANGUAGE_STANDARD = gnu11;
				GCC_DYNAMIC_NO_PIC = NO;
				GCC_NO_COMMON_BLOCKS = YES;
				GCC_OPTIMIZATION_LEVEL = 0;
				GCC_PREPROCESSOR_DEFINITIONS = (
					"DEBUG=1",
					"$(inherited)",
				);
				GCC_WARN_64_TO_32_BIT_CONVERSION = YES;
				GCC_WARN_ABOUT_RETURN_TYPE = YES_ERROR;
				GCC_WARN_UNDECLARED_SELECTOR = YES;
				GCC_WARN_UNINITIALIZED_AUTOS = YES_AGGRESSIVE;
				GCC_WARN_UNUSED_FUNCTION = YES;
				GCC_WARN_UNUSED_VARIABLE = YES;
				IPHONEOS_DEPLOYMENT_TARGET = 11.3;
				MTL_ENABLE_DEBUG_INFO = YES;
				ONLY_ACTIVE_ARCH = YES;
				SDKROOT = iphoneos;
			};
			name = Debug;
		};
		009CB9F5208DF3A900B0C2C7 /* Release */ = {
			isa = XCBuildConfiguration;
			buildSettings = {
				ALWAYS_SEARCH_USER_PATHS = NO;
				CLANG_ANALYZER_NONNULL = YES;
				CLANG_ANALYZER_NUMBER_OBJECT_CONVERSION = YES_AGGRESSIVE;
				CLANG_CXX_LANGUAGE_STANDARD = "gnu++14";
				CLANG_CXX_LIBRARY = "libc++";
				CLANG_ENABLE_MODULES = YES;
				CLANG_ENABLE_OBJC_ARC = YES;
				CLANG_ENABLE_OBJC_WEAK = YES;
				CLANG_WARN_BLOCK_CAPTURE_AUTORELEASING = YES;
				CLANG_WARN_BOOL_CONVERSION = YES;
				CLANG_WARN_COMMA = YES;
				CLANG_WARN_CONSTANT_CONVERSION = YES;
				CLANG_WARN_DEPRECATED_OBJC_IMPLEMENTATIONS = YES;
				CLANG_WARN_DIRECT_OBJC_ISA_USAGE = YES_ERROR;
				CLANG_WARN_DOCUMENTATION_COMMENTS = YES;
				CLANG_WARN_EMPTY_BODY = YES;
				CLANG_WARN_ENUM_CONVERSION = YES;
				CLANG_WARN_INFINITE_RECURSION = YES;
				CLANG_WARN_INT_CONVERSION = YES;
				CLANG_WARN_NON_LITERAL_NULL_CONVERSION = YES;
				CLANG_WARN_OBJC_IMPLICIT_RETAIN_SELF = YES;
				CLANG_WARN_OBJC_LITERAL_CONVERSION = YES;
				CLANG_WARN_OBJC_ROOT_CLASS = YES_ERROR;
				CLANG_WARN_RANGE_LOOP_ANALYSIS = YES;
				CLANG_WARN_STRICT_PROTOTYPES = YES;
				CLANG_WARN_SUSPICIOUS_MOVE = YES;
				CLANG_WARN_UNGUARDED_AVAILABILITY = YES_AGGRESSIVE;
				CLANG_WARN_UNREACHABLE_CODE = YES;
				CLANG_WARN__DUPLICATE_METHOD_MATCH = YES;
				CODE_SIGN_IDENTITY = "iPhone Developer";
				COPY_PHASE_STRIP = NO;
				DEBUG_INFORMATION_FORMAT = "dwarf-with-dsym";
				ENABLE_NS_ASSERTIONS = NO;
				ENABLE_STRICT_OBJC_MSGSEND = YES;
				GCC_C_LANGUAGE_STANDARD = gnu11;
				GCC_NO_COMMON_BLOCKS = YES;
				GCC_WARN_64_TO_32_BIT_CONVERSION = YES;
				GCC_WARN_ABOUT_RETURN_TYPE = YES_ERROR;
				GCC_WARN_UNDECLARED_SELECTOR = YES;
				GCC_WARN_UNINITIALIZED_AUTOS = YES_AGGRESSIVE;
				GCC_WARN_UNUSED_FUNCTION = YES;
				GCC_WARN_UNUSED_VARIABLE = YES;
				IPHONEOS_DEPLOYMENT_TARGET = 11.3;
				MTL_ENABLE_DEBUG_INFO = NO;
				SDKROOT = iphoneos;
				VALIDATE_PRODUCT = YES;
			};
			name = Release;
		};
		009CB9F7208DF3A900B0C2C7 /* Debug */ = {
			isa = XCBuildConfiguration;
			buildSettings = {
				ASSETCATALOG_COMPILER_APPICON_NAME = AppIcon;
				CODE_SIGN_STYLE = Automatic;
				INFOPLIST_FILE = Algorithms/Info.plist;
				LD_RUNPATH_SEARCH_PATHS = (
					"$(inherited)",
					"@executable_path/Frameworks",
				);
				PRODUCT_BUNDLE_IDENTIFIER = ccp.Algorithms;
				PRODUCT_NAME = "$(TARGET_NAME)";
				TARGETED_DEVICE_FAMILY = "1,2";
			};
			name = Debug;
		};
		009CB9F8208DF3A900B0C2C7 /* Release */ = {
			isa = XCBuildConfiguration;
			buildSettings = {
				ASSETCATALOG_COMPILER_APPICON_NAME = AppIcon;
				CODE_SIGN_STYLE = Automatic;
				INFOPLIST_FILE = Algorithms/Info.plist;
				LD_RUNPATH_SEARCH_PATHS = (
					"$(inherited)",
					"@executable_path/Frameworks",
				);
				PRODUCT_BUNDLE_IDENTIFIER = ccp.Algorithms;
				PRODUCT_NAME = "$(TARGET_NAME)";
				TARGETED_DEVICE_FAMILY = "1,2";
			};
			name = Release;
		};
/* End XCBuildConfiguration section */

/* Begin XCConfigurationList section */
		009CB9DB208DF3A800B0C2C7 /* Build configuration list for PBXProject "Algorithms" */ = {
			isa = XCConfigurationList;
			buildConfigurations = (
				009CB9F4208DF3A900B0C2C7 /* Debug */,
				009CB9F5208DF3A900B0C2C7 /* Release */,
			);
			defaultConfigurationIsVisible = 0;
			defaultConfigurationName = Release;
		};
		009CB9F6208DF3A900B0C2C7 /* Build configuration list for PBXNativeTarget "Algorithms" */ = {
			isa = XCConfigurationList;
			buildConfigurations = (
				009CB9F7208DF3A900B0C2C7 /* Debug */,
				009CB9F8208DF3A900B0C2C7 /* Release */,
			);
			defaultConfigurationIsVisible = 0;
			defaultConfigurationName = Release;
		};
/* End XCConfigurationList section */
	};
	rootObject = 009CB9D8208DF3A800B0C2C7 /* Project object */;
}
